
Microsoft Visual Studio Solution File, Format Version 12.00
# Visual Studio Version 16
VisualStudioVersion = 16.0.31624.102
MinimumVisualStudioVersion = 10.0.40219.1
Project("{FAE04EC0-301F-11D3-BF4B-00C04F79EFBC}") = "AkiraShop", "AkiraShop\AkiraShop.csproj", "{34544766-7436-4309-AAED-CA0FA9AF044A}"
EndProject
Global
	GlobalSection(SolutionConfigurationPlatforms) = preSolution
		Debug|Any CPU = Debug|Any CPU
		Release|Any CPU = Release|Any CPU
	EndGlobalSection
	GlobalSection(ProjectConfigurationPlatforms) = postSolution
		{34544766-7436-4309-AAED-CA0FA9AF044A}.Debug|Any CPU.ActiveCfg = Debug|Any CPU
		{34544766-7436-4309-AAED-CA0FA9AF044A}.Debug|Any CPU.Build.0 = Debug|Any CPU
		{34544766-7436-4309-AAED-CA0FA9AF044A}.Release|Any CPU.ActiveCfg = Release|Any CPU
		{34544766-7436-4309-AAED-CA0FA9AF044A}.Release|Any CPU.Build.0 = Release|Any CPU
	EndGlobalSection
	GlobalSection(SolutionProperties) = preSolution
		HideSolutionNode = FALSE
	EndGlobalSection
	GlobalSection(ExtensibilityGlobals) = postSolution
		SolutionGuid = {D19FB98F-00A7-4AA0-8CB3-1DAC7456C7DA}
	EndGlobalSection
EndGlobal
